
Microsoft Visual Studio Solution File, Format Version 12.00
# Visual Studio Version 16
VisualStudioVersion = 16.0.36227.6
MinimumVisualStudioVersion = 10.0.40219.1
Project("{FAE04EC0-301F-11D3-BF4B-00C04F79EFBC}") = "LTI_Copy", "LTI_Copy\LTI_Copy.csproj", "{1B76DF63-FFA2-429A-98E6-8C4E6D4D795D}"
EndProject
Global
	GlobalSection(SolutionConfigurationPlatforms) = preSolution
		Debug|Any CPU = Debug|Any CPU
		Release|Any CPU = Release|Any CPU
	EndGlobalSection
	GlobalSection(ProjectConfigurationPlatforms) = postSolution
		{1B76DF63-FFA2-429A-98E6-8C4E6D4D795D}.Debug|Any CPU.ActiveCfg = Debug|Any CPU
		{1B76DF63-FFA2-429A-98E6-8C4E6D4D795D}.Debug|Any CPU.Build.0 = Debug|Any CPU
		{1B76DF63-FFA2-429A-98E6-8C4E6D4D795D}.Release|Any CPU.ActiveCfg = Release|Any CPU
		{1B76DF63-FFA2-429A-98E6-8C4E6D4D795D}.Release|Any CPU.Build.0 = Release|Any CPU
	EndGlobalSection
	GlobalSection(SolutionProperties) = preSolution
		HideSolutionNode = FALSE
	EndGlobalSection
	GlobalSection(ExtensibilityGlobals) = postSolution
		SolutionGuid = {4C403A75-680E-4745-A474-3FA248154796}
	EndGlobalSection
EndGlobal
