
Microsoft Visual Studio Solution File, Format Version 12.00
# Visual Studio Version 16
VisualStudioVersion = 16.0.36128.20
MinimumVisualStudioVersion = 10.0.40219.1
Project("{FAE04EC0-301F-11D3-BF4B-00C04F79EFBC}") = "C Sharp Assignment 6", "C Sharp Assignment 6\C Sharp Assignment 6.csproj", "{C0FADD97-A9C1-492B-8318-40BF9E5ADCB8}"
EndProject
Global
	GlobalSection(SolutionConfigurationPlatforms) = preSolution
		Debug|Any CPU = Debug|Any CPU
		Release|Any CPU = Release|Any CPU
	EndGlobalSection
	GlobalSection(ProjectConfigurationPlatforms) = postSolution
		{C0FADD97-A9C1-492B-8318-40BF9E5ADCB8}.Debug|Any CPU.ActiveCfg = Debug|Any CPU
		{C0FADD97-A9C1-492B-8318-40BF9E5ADCB8}.Debug|Any CPU.Build.0 = Debug|Any CPU
		{C0FADD97-A9C1-492B-8318-40BF9E5ADCB8}.Release|Any CPU.ActiveCfg = Release|Any CPU
		{C0FADD97-A9C1-492B-8318-40BF9E5ADCB8}.Release|Any CPU.Build.0 = Release|Any CPU
	EndGlobalSection
	GlobalSection(SolutionProperties) = preSolution
		HideSolutionNode = FALSE
	EndGlobalSection
	GlobalSection(ExtensibilityGlobals) = postSolution
		SolutionGuid = {B70A5BAF-58F2-498C-9197-6CFF8A46D4C1}
	EndGlobalSection
EndGlobal
