
Microsoft Visual Studio Solution File, Format Version 12.00
# Visual Studio Version 16
VisualStudioVersion = 16.0.36128.20
MinimumVisualStudioVersion = 10.0.40219.1
Project("{FAE04EC0-301F-11D3-BF4B-00C04F79EFBC}") = "C-Sharp Assigment 4", "C-Sharp Assigment 4\C-Sharp Assigment 4.csproj", "{56E35DB9-0A1D-4D66-867D-3F61CBF26660}"
EndProject
Global
	GlobalSection(SolutionConfigurationPlatforms) = preSolution
		Debug|Any CPU = Debug|Any CPU
		Release|Any CPU = Release|Any CPU
	EndGlobalSection
	GlobalSection(ProjectConfigurationPlatforms) = postSolution
		{56E35DB9-0A1D-4D66-867D-3F61CBF26660}.Debug|Any CPU.ActiveCfg = Debug|Any CPU
		{56E35DB9-0A1D-4D66-867D-3F61CBF26660}.Debug|Any CPU.Build.0 = Debug|Any CPU
		{56E35DB9-0A1D-4D66-867D-3F61CBF26660}.Release|Any CPU.ActiveCfg = Release|Any CPU
		{56E35DB9-0A1D-4D66-867D-3F61CBF26660}.Release|Any CPU.Build.0 = Release|Any CPU
	EndGlobalSection
	GlobalSection(SolutionProperties) = preSolution
		HideSolutionNode = FALSE
	EndGlobalSection
	GlobalSection(ExtensibilityGlobals) = postSolution
		SolutionGuid = {1E8ADFF3-EE0D-4EC3-B6C7-5D135F1A9B30}
	EndGlobalSection
EndGlobal
